// !$*UTF8*$!
{
	archiveVersion = 1;
	classes = {
	};
	objectVersion = 46;
	objects = {

/* Begin PBXBuildFile section */
		6661A5211D8FACB500BFC530 /* AppDelegate.swift in Sources */ = {isa = PBXBuildFile; fileRef = 6661A5201D8FACB500BFC530 /* AppDelegate.swift */; };
		6661A5231D8FACB500BFC530 /* ViewController.swift in Sources */ = {isa = PBXBuildFile; fileRef = 6661A5221D8FACB500BFC530 /* ViewController.swift */; };
		6661A5261D8FACB500BFC530 /* Main.storyboard in Resources */ = {isa = PBXBuildFile; fileRef = 6661A5241D8FACB500BFC530 /* Main.storyboard */; };
		6661A5281D8FACB500BFC530 /* Assets.xcassets in Resources */ = {isa = PBXBuildFile; fileRef = 6661A5271D8FACB500BFC530 /* Assets.xcassets */; };
		6661A52B1D8FACB500BFC530 /* LaunchScreen.storyboard in Resources */ = {isa = PBXBuildFile; fileRef = 6661A5291D8FACB500BFC530 /* LaunchScreen.storyboard */; };
/* End PBXBuildFile section */

/* Begin PBXFileReference section */
		6661A51D1D8FACB500BFC530 /* AppLifeCycle.app */ = {isa = PBXFileReference; explicitFileType = wrapper.application; includeInIndex = 0; path = AppLifeCycle.app; sourceTree = BUILT_PRODUCTS_DIR; };
		6661A5201D8FACB500BFC530 /* AppDelegate.swift */ = {isa = PBXFileReference; lastKnownFileType = sourcecode.swift; path = AppDelegate.swift; sourceTree = "<group>"; };
		6661A5221D8FACB500BFC530 /* ViewController.swift */ = {isa = PBXFileReference; lastKnownFileType = sourcecode.swift; path = ViewController.swift; sourceTree = "<group>"; };
		6661A5251D8FACB500BFC530 /* Base */ = {isa = PBXFileReference; lastKnownFileType = file.storyboard; name = Base; path = Base.lproj/Main.storyboard; sourceTree = "<group>"; };
		6661A5271D8FACB500BFC530 /* Assets.xcassets */ = {isa = PBXFileReference; lastKnownFileType = folder.assetcatalog; path = Assets.xcassets; sourceTree = "<group>"; };
		6661A52A1D8FACB500BFC530 /* Base */ = {isa = PBXFileReference; lastKnownFileType = file.storyboard; name = Base; path = Base.lproj/LaunchScreen.storyboard; sourceTree = "<group>"; };
		6661A52C1D8FACB500BFC530 /* Info.plist */ = {isa = PBXFileReference; lastKnownFileType = text.plist.xml; path = Info.plist; sourceTree = "<group>"; };
/* End PBXFileReference section */

/* Begin PBXFrameworksBuildPhase section */
		6661A51A1D8FACB500BFC530 /* Frameworks */ = {
			isa = PBXFrameworksBuildPhase;
			buildActionMask = 2147483647;
			files = (
			);
			runOnlyForDeploymentPostprocessing = 0;
		};
/* End PBXFrameworksBuildPhase section */

/* Begin PBXGroup section */
		6661A5141D8FACB500BFC530 = {
			isa = PBXGroup;
			children = (
				6661A51F1D8FACB500BFC530 /* AppLifeCycle */,
				6661A51E1D8FACB500BFC530 /* Products */,
			);
			sourceTree = "<group>";
		};
		6661A51E1D8FACB500BFC530 /* Products */ = {
			isa = PBXGroup;
			children = (
				6661A51D1D8FACB500BFC530 /* AppLifeCycle.app */,
			);
			name = Products;
			sourceTree = "<group>";
		};
		6661A51F1D8FACB500BFC530 /* AppLifeCycle */ = {
			isa = PBXGroup;
			children = (
				6661A5201D8FACB500BFC530 /* AppDelegate.swift */,
				6661A5221D8FACB500BFC530 /* ViewController.swift */,
				6661A5241D8FACB500BFC530 /* Main.storyboard */,
				6661A5271D8FACB500BFC530 /* Assets.xcassets */,
				6661A5291D8FACB500BFC530 /* LaunchScreen.storyboard */,
				6661A52C1D8FACB500BFC530 /* Info.plist */,
			);
			path = AppLifeCycle;
			sourceTree = "<group>";
		};
/* End PBXGroup section */

/* Begin PBXNativeTarget section */
		6661A51C1D8FACB500BFC530 /* AppLifeCycle */ = {
			isa = PBXNativeTarget;
			buildConfigurationList = 6661A52F1D8FACB500BFC530 /* Build configuration list for PBXNativeTarget "AppLifeCycle" */;
			buildPhases = (
				6661A5191D8FACB500BFC530 /* Sources */,
				6661A51A1D8FACB500BFC530 /* Frameworks */,
				6661A51B1D8FACB500BFC530 /* Resources */,
			);
			buildRules = (
			);
			dependencies = (
			);
			name = AppLifeCycle;
			productName = AppLifeCycle;
			productReference = 6661A51D1D8FACB500BFC530 /* AppLifeCycle.app */;
			productType = "com.apple.product-type.application";
		};
/* End PBXNativeTarget section */

/* Begin PBXProject section */
		6661A5151D8FACB500BFC530 /* Project object */ = {
			isa = PBXProject;
			attributes = {
				LastSwiftUpdateCheck = 0800;
				LastUpgradeCheck = 0800;
				ORGANIZATIONNAME = appstamp;
				TargetAttributes = {
					6661A51C1D8FACB500BFC530 = {
						CreatedOnToolsVersion = 8.0;
						DevelopmentTeam = 94X9LALCYM;
						ProvisioningStyle = Automatic;
					};
				};
			};
			buildConfigurationList = 6661A5181D8FACB500BFC530 /* Build configuration list for PBXProject "AppLifeCycle" */;
			compatibilityVersion = "Xcode 3.2";
			developmentRegion = English;
			hasScannedForEncodings = 0;
			knownRegions = (
				en,
				Base,
			);
			mainGroup = 6661A5141D8FACB500BFC530;
			productRefGroup = 6661A51E1D8FACB500BFC530 /* Products */;
			projectDirPath = "";
			projectRoot = "";
			targets = (
				6661A51C1D8FACB500BFC530 /* AppLifeCycle */,
			);
		};
/* End PBXProject section */

/* Begin PBXResourcesBuildPhase section */
		6661A51B1D8FACB500BFC530 /* Resources */ = {
			isa = PBXResourcesBuildPhase;
			buildActionMask = 2147483647;
			files = (
				6661A52B1D8FACB500BFC530 /* LaunchScreen.storyboard in Resources */,
				6661A5281D8FACB500BFC530 /* Assets.xcassets in Resources */,
				6661A5261D8FACB500BFC530 /* Main.storyboard in Resources */,
			);
			runOnlyForDeploymentPostprocessing = 0;
		};
/* End PBXResourcesBuildPhase section */

/* Begin PBXSourcesBuildPhase section */
		6661A5191D8FACB500BFC530 /* Sources */ = {
			isa = PBXSourcesBuildPhase;
			buildActionMask = 2147483647;
			files = (
				6661A5231D8FACB500BFC530 /* ViewController.swift in Sources */,
				6661A5211D8FACB500BFC530 /* AppDelegate.swift in Sources */,
			);
			runOnlyForDeploymentPostprocessing = 0;
		};
/* End PBXSourcesBuildPhase section */

/* Begin PBXVariantGroup section */
		6661A5241D8FACB500BFC530 /* Main.storyboard */ = {
			isa = PBXVariantGroup;
			children = (
				6661A5251D8FACB500BFC530 /* Base */,
			);
			name = Main.storyboard;
			sourceTree = "<group>";
		};
		6661A5291D8FACB500BFC530 /* LaunchScreen.storyboard */ = {
			isa = PBXVariantGroup;
			children = (
				6661A52A1D8FACB500BFC530 /* Base */,
			);
			name = LaunchScreen.storyboard;
			sourceTree = "<group>";
		};
/* End PBXVariantGroup section */

/* Begin XCBuildConfiguration section */
		6661A52D1D8FACB500BFC530 /* Debug */ = {
			isa = XCBuildConfiguration;
			buildSettings = {
				ALWAYS_SEARCH_USER_PATHS = NO;
				CLANG_ANALYZER_NONNULL = YES;
				CLANG_CXX_LANGUAGE_STANDARD = "gnu++0x";
				CLANG_CXX_LIBRARY = "libc++";
				CLANG_ENABLE_MODULES = YES;
				CLANG_ENABLE_OBJC_ARC = YES;
				CLANG_WARN_BOOL_CONVERSION = YES;
				CLANG_WARN_CONSTANT_CONVERSION = YES;
				CLANG_WARN_DIRECT_OBJC_ISA_USAGE = YES_ERROR;
				CLANG_WARN_DOCUMENTATION_COMMENTS = YES;
				CLANG_WARN_EMPTY_BODY = YES;
				CLANG_WARN_ENUM_CONVERSION = YES;
				CLANG_WARN_INFINITE_RECURSION = YES;
				CLANG_WARN_INT_CONVERSION = YES;
				CLANG_WARN_OBJC_ROOT_CLASS = YES_ERROR;
				CLANG_WARN_SUSPICIOUS_MOVES = YES;
				CLANG_WARN_UNREACHABLE_CODE = YES;
				CLANG_WARN__DUPLICATE_METHOD_MATCH = YES;
				"CODE_SIGN_IDENTITY[sdk=iphoneos*]" = "iPhone Developer";
				COPY_PHASE_STRIP = NO;
				DEBUG_INFORMATION_FORMAT = dwarf;
				ENABLE_STRICT_OBJC_MSGSEND = YES;
				ENABLE_TESTABILITY = YES;
				GCC_C_LANGUAGE_STANDARD = gnu99;
				GCC_DYNAMIC_NO_PIC = NO;
				GCC_NO_COMMON_BLOCKS = YES;
				GCC_OPTIMIZATION_LEVEL = 0;
				GCC_PREPROCESSOR_DEFINITIONS = (
					"DEBUG=1",
					"$(inherited)",
				);
				GCC_WARN_64_TO_32_BIT_CONVERSION = YES;
				GCC_WARN_ABOUT_RETURN_TYPE = YES_ERROR;
				GCC_WARN_UNDECLARED_SELECTOR = YES;
				GCC_WARN_UNINITIALIZED_AUTOS = YES_AGGRESSIVE;
				GCC_WARN_UNUSED_FUNCTION = YES;
				GCC_WARN_UNUSED_VARIABLE = YES;
				IPHONEOS_DEPLOYMENT_TARGET = 10.0;
				MTL_ENABLE_DEBUG_INFO = YES;
				ONLY_ACTIVE_ARCH = YES;
				SDKROOT = iphoneos;
				SWIFT_ACTIVE_COMPILATION_CONDITIONS = DEBUG;
				SWIFT_OPTIMIZATION_LEVEL = "-Onone";
			};
			name = Debug;
		};
		6661A52E1D8FACB500BFC530 /* Release */ = {
			isa = XCBuildConfiguration;
			buildSettings = {
				ALWAYS_SEARCH_USER_PATHS = NO;
				CLANG_ANALYZER_NONNULL = YES;
				CLANG_CXX_LANGUAGE_STANDARD = "gnu++0x";
				CLANG_CXX_LIBRARY = "libc++";
				CLANG_ENABLE_MODULES = YES;
				CLANG_ENABLE_OBJC_ARC = YES;
				CLANG_WARN_BOOL_CONVERSION = YES;
				CLANG_WARN_CONSTANT_CONVERSION = YES;
				CLANG_WARN_DIRECT_OBJC_ISA_USAGE = YES_ERROR;
				CLANG_WARN_DOCUMENTATION_COMMENTS = YES;
				CLANG_WARN_EMPTY_BODY = YES;
				CLANG_WARN_ENUM_CONVERSION = YES;
				CLANG_WARN_INFINITE_RECURSION = YES;
				CLANG_WARN_INT_CONVERSION = YES;
				CLANG_WARN_OBJC_ROOT_CLASS = YES_ERROR;
				CLANG_WARN_SUSPICIOUS_MOVES = YES;
				CLANG_WARN_UNREACHABLE_CODE = YES;
				CLANG_WARN__DUPLICATE_METHOD_MATCH = YES;
				"CODE_SIGN_IDENTITY[sdk=iphoneos*]" = "iPhone Developer";
				COPY_PHASE_STRIP = NO;
				DEBUG_INFORMATION_FORMAT = "dwarf-with-dsym";
				ENABLE_NS_ASSERTIONS = NO;
				ENABLE_STRICT_OBJC_MSGSEND = YES;
				GCC_C_LANGUAGE_STANDARD = gnu99;
				GCC_NO_COMMON_BLOCKS = YES;
				GCC_WARN_64_TO_32_BIT_CONVERSION = YES;
				GCC_WARN_ABOUT_RETURN_TYPE = YES_ERROR;
				GCC_WARN_UNDECLARED_SELECTOR = YES;
				GCC_WARN_UNINITIALIZED_AUTOS = YES_AGGRESSIVE;
				GCC_WARN_UNUSED_FUNCTION = YES;
				GCC_WARN_UNUSED_VARIABLE = YES;
				IPHONEOS_DEPLOYMENT_TARGET = 10.0;
				MTL_ENABLE_DEBUG_INFO = NO;
				SDKROOT = iphoneos;
				SWIFT_OPTIMIZATION_LEVEL = "-Owholemodule";
				VALIDATE_PRODUCT = YES;
			};
			name = Release;
		};
		6661A5301D8FACB500BFC530 /* Debug */ = {
			isa = XCBuildConfiguration;
			buildSettings = {
				ASSETCATALOG_COMPILER_APPICON_NAME = AppIcon;
				DEVELOPMENT_TEAM = 94X9LALCYM;
				INFOPLIST_FILE = AppLifeCycle/Info.plist;
				LD_RUNPATH_SEARCH_PATHS = "$(inherited) @executable_path/Frameworks";
				PRODUCT_BUNDLE_IDENTIFIER = com.appstamp.AppLifeCycle;
				PRODUCT_NAME = "$(TARGET_NAME)";
				SWIFT_VERSION = 3.0;
			};
			name = Debug;
		};
		6661A5311D8FACB500BFC530 /* Release */ = {
			isa = XCBuildConfiguration;
			buildSettings = {
				ASSETCATALOG_COMPILER_APPICON_NAME = AppIcon;
				DEVELOPMENT_TEAM = 94X9LALCYM;
				INFOPLIST_FILE = AppLifeCycle/Info.plist;
				LD_RUNPATH_SEARCH_PATHS = "$(inherited) @executable_path/Frameworks";
				PRODUCT_BUNDLE_IDENTIFIER = com.appstamp.AppLifeCycle;
				PRODUCT_NAME = "$(TARGET_NAME)";
				SWIFT_VERSION = 3.0;
			};
			name = Release;
		};
/* End XCBuildConfiguration section */

/* Begin XCConfigurationList section */
		6661A5181D8FACB500BFC530 /* Build configuration list for PBXProject "AppLifeCycle" */ = {
			isa = XCConfigurationList;
			buildConfigurations = (
				6661A52D1D8FACB500BFC530 /* Debug */,
				6661A52E1D8FACB500BFC530 /* Release */,
			);
			defaultConfigurationIsVisible = 0;
			defaultConfigurationName = Release;
		};
		6661A52F1D8FACB500BFC530 /* Build configuration list for PBXNativeTarget "AppLifeCycle" */ = {
			isa = XCConfigurationList;
			buildConfigurations = (
				6661A5301D8FACB500BFC530 /* Debug */,
				6661A5311D8FACB500BFC530 /* Release */,
			);
			defaultConfigurationIsVisible = 0;
		};
/* End XCConfigurationList section */
	};
	rootObject = 6661A5151D8FACB500BFC530 /* Project object */;
}
